// !$*UTF8*$!
{
	archiveVersion = 1;
	classes = {
	};
	objectVersion = 46;
	objects = {

/* Begin PBXBuildFile section */
		A80693881CBF31F5007DD891 /* main.m in Sources */ = {isa = PBXBuildFile; fileRef = A80693871CBF31F5007DD891 /* main.m */; };
		A806938B1CBF31F5007DD891 /* AppDelegate.m in Sources */ = {isa = PBXBuildFile; fileRef = A806938A1CBF31F5007DD891 /* AppDelegate.m */; };
		A806938E1CBF31F5007DD891 /* ViewController.m in Sources */ = {isa = PBXBuildFile; fileRef = A806938D1CBF31F5007DD891 /* ViewController.m */; };
		A80693911CBF31F5007DD891 /* Main.storyboard in Resources */ = {isa = PBXBuildFile; fileRef = A806938F1CBF31F5007DD891 /* Main.storyboard */; };
		A80693931CBF31F5007DD891 /* Assets.xcassets in Resources */ = {isa = PBXBuildFile; fileRef = A80693921CBF31F5007DD891 /* Assets.xcassets */; };
		A80693961CBF31F5007DD891 /* LaunchScreen.storyboard in Resources */ = {isa = PBXBuildFile; fileRef = A80693941CBF31F5007DD891 /* LaunchScreen.storyboard */; };
/* End PBXBuildFile section */

/* Begin PBXFileReference section */
		A80693831CBF31F5007DD891 /* Tracking.app */ = {isa = PBXFileReference; explicitFileType = wrapper.application; includeInIndex = 0; path = Tracking.app; sourceTree = BUILT_PRODUCTS_DIR; };
		A80693871CBF31F5007DD891 /* main.m */ = {isa = PBXFileReference; lastKnownFileType = sourcecode.c.objc; path = main.m; sourceTree = "<group>"; };
		A80693891CBF31F5007DD891 /* AppDelegate.h */ = {isa = PBXFileReference; lastKnownFileType = sourcecode.c.h; path = AppDelegate.h; sourceTree = "<group>"; };
		A806938A1CBF31F5007DD891 /* AppDelegate.m */ = {isa = PBXFileReference; lastKnownFileType = sourcecode.c.objc; path = AppDelegate.m; sourceTree = "<group>"; };
		A806938C1CBF31F5007DD891 /* ViewController.h */ = {isa = PBXFileReference; lastKnownFileType = sourcecode.c.h; path = ViewController.h; sourceTree = "<group>"; };
		A806938D1CBF31F5007DD891 /* ViewController.m */ = {isa = PBXFileReference; lastKnownFileType = sourcecode.c.objc; path = ViewController.m; sourceTree = "<group>"; };
		A80693901CBF31F5007DD891 /* Base */ = {isa = PBXFileReference; lastKnownFileType = file.storyboard; name = Base; path = Base.lproj/Main.storyboard; sourceTree = "<group>"; };
		A80693921CBF31F5007DD891 /* Assets.xcassets */ = {isa = PBXFileReference; lastKnownFileType = folder.assetcatalog; path = Assets.xcassets; sourceTree = "<group>"; };
		A80693951CBF31F5007DD891 /* Base */ = {isa = PBXFileReference; lastKnownFileType = file.storyboard; name = Base; path = Base.lproj/LaunchScreen.storyboard; sourceTree = "<group>"; };
		A80693971CBF31F5007DD891 /* Info.plist */ = {isa = PBXFileReference; lastKnownFileType = text.plist.xml; path = Info.plist; sourceTree = "<group>"; };
/* End PBXFileReference section */

/* Begin PBXFrameworksBuildPhase section */
		A80693801CBF31F5007DD891 /* Frameworks */ = {
			isa = PBXFrameworksBuildPhase;
			buildActionMask = 2147483647;
			files = (
			);
			runOnlyForDeploymentPostprocessing = 0;
		};
/* End PBXFrameworksBuildPhase section */

/* Begin PBXGroup section */
		A806937A1CBF31F5007DD891 = {
			isa = PBXGroup;
			children = (
				A80693851CBF31F5007DD891 /* Tracking */,
				A80693841CBF31F5007DD891 /* Products */,
			);
			sourceTree = "<group>";
		};
		A80693841CBF31F5007DD891 /* Products */ = {
			isa = PBXGroup;
			children = (
				A80693831CBF31F5007DD891 /* Tracking.app */,
			);
			name = Products;
			sourceTree = "<group>";
		};
		A80693851CBF31F5007DD891 /* Tracking */ = {
			isa = PBXGroup;
			children = (
				A80693891CBF31F5007DD891 /* AppDelegate.h */,
				A806938A1CBF31F5007DD891 /* AppDelegate.m */,
				A806938C1CBF31F5007DD891 /* ViewController.h */,
				A806938D1CBF31F5007DD891 /* ViewController.m */,
				A806938F1CBF31F5007DD891 /* Main.storyboard */,
				A80693921CBF31F5007DD891 /* Assets.xcassets */,
				A80693941CBF31F5007DD891 /* LaunchScreen.storyboard */,
				A80693971CBF31F5007DD891 /* Info.plist */,
				A80693861CBF31F5007DD891 /* Supporting Files */,
			);
			path = Tracking;
			sourceTree = "<group>";
		};
		A80693861CBF31F5007DD891 /* Supporting Files */ = {
			isa = PBXGroup;
			children = (
				A80693871CBF31F5007DD891 /* main.m */,
			);
			name = "Supporting Files";
			sourceTree = "<group>";
		};
/* End PBXGroup section */

/* Begin PBXNativeTarget section */
		A80693821CBF31F5007DD891 /* Tracking */ = {
			isa = PBXNativeTarget;
			buildConfigurationList = A806939A1CBF31F5007DD891 /* Build configuration list for PBXNativeTarget "Tracking" */;
			buildPhases = (
				A806937F1CBF31F5007DD891 /* Sources */,
				A80693801CBF31F5007DD891 /* Frameworks */,
				A80693811CBF31F5007DD891 /* Resources */,
			);
			buildRules = (
			);
			dependencies = (
			);
			name = Tracking;
			productName = Tracking;
			productReference = A80693831CBF31F5007DD891 /* Tracking.app */;
			productType = "com.apple.product-type.application";
		};
/* End PBXNativeTarget section */

/* Begin PBXProject section */
		A806937B1CBF31F5007DD891 /* Project object */ = {
			isa = PBXProject;
			attributes = {
				LastUpgradeCheck = 0710;
				ORGANIZATIONNAME = LJ;
				TargetAttributes = {
					A80693821CBF31F5007DD891 = {
						CreatedOnToolsVersion = 7.1;
					};
				};
			};
			buildConfigurationList = A806937E1CBF31F5007DD891 /* Build configuration list for PBXProject "Tracking" */;
			compatibilityVersion = "Xcode 3.2";
			developmentRegion = English;
			hasScannedForEncodings = 0;
			knownRegions = (
				en,
				Base,
			);
			mainGroup = A806937A1CBF31F5007DD891;
			productRefGroup = A80693841CBF31F5007DD891 /* Products */;
			projectDirPath = "";
			projectRoot = "";
			targets = (
				A80693821CBF31F5007DD891 /* Tracking */,
			);
		};
/* End PBXProject section */

/* Begin PBXResourcesBuildPhase section */
		A80693811CBF31F5007DD891 /* Resources */ = {
			isa = PBXResourcesBuildPhase;
			buildActionMask = 2147483647;
			files = (
				A80693961CBF31F5007DD891 /* LaunchScreen.storyboard in Resources */,
				A80693931CBF31F5007DD891 /* Assets.xcassets in Resources */,
				A80693911CBF31F5007DD891 /* Main.storyboard in Resources */,
			);
			runOnlyForDeploymentPostprocessing = 0;
		};
/* End PBXResourcesBuildPhase section */

/* Begin PBXSourcesBuildPhase section */
		A806937F1CBF31F5007DD891 /* Sources */ = {
			isa = PBXSourcesBuildPhase;
			buildActionMask = 2147483647;
			files = (
				A806938E1CBF31F5007DD891 /* ViewController.m in Sources */,
				A806938B1CBF31F5007DD891 /* AppDelegate.m in Sources */,
				A80693881CBF31F5007DD891 /* main.m in Sources */,
			);
			runOnlyForDeploymentPostprocessing = 0;
		};
/* End PBXSourcesBuildPhase section */

/* Begin PBXVariantGroup section */
		A806938F1CBF31F5007DD891 /* Main.storyboard */ = {
			isa = PBXVariantGroup;
			children = (
				A80693901CBF31F5007DD891 /* Base */,
			);
			name = Main.storyboard;
			sourceTree = "<group>";
		};
		A80693941CBF31F5007DD891 /* LaunchScreen.storyboard */ = {
			isa = PBXVariantGroup;
			children = (
				A80693951CBF31F5007DD891 /* Base */,
			);
			name = LaunchScreen.storyboard;
			sourceTree = "<group>";
		};
/* End PBXVariantGroup section */

/* Begin XCBuildConfiguration section */
		A80693981CBF31F5007DD891 /* Debug */ = {
			isa = XCBuildConfiguration;
			buildSettings = {
				ALWAYS_SEARCH_USER_PATHS = NO;
				CLANG_CXX_LANGUAGE_STANDARD = "gnu++0x";
				CLANG_CXX_LIBRARY = "libc++";
				CLANG_ENABLE_MODULES = YES;
				CLANG_ENABLE_OBJC_ARC = YES;
				CLANG_WARN_BOOL_CONVERSION = YES;
				CLANG_WARN_CONSTANT_CONVERSION = YES;
				CLANG_WARN_DIRECT_OBJC_ISA_USAGE = YES_ERROR;
				CLANG_WARN_EMPTY_BODY = YES;
				CLANG_WARN_ENUM_CONVERSION = YES;
				CLANG_WARN_INT_CONVERSION = YES;
				CLANG_WARN_OBJC_ROOT_CLASS = YES_ERROR;
				CLANG_WARN_UNREACHABLE_CODE = YES;
				CLANG_WARN__DUPLICATE_METHOD_MATCH = YES;
				"CODE_SIGN_IDENTITY[sdk=iphoneos*]" = "iPhone Developer";
				COPY_PHASE_STRIP = NO;
				DEBUG_INFORMATION_FORMAT = dwarf;
				ENABLE_STRICT_OBJC_MSGSEND = YES;
				ENABLE_TESTABILITY = YES;
				GCC_C_LANGUAGE_STANDARD = gnu99;
				GCC_DYNAMIC_NO_PIC = NO;
				GCC_NO_COMMON_BLOCKS = YES;
				GCC_OPTIMIZATION_LEVEL = 0;
				GCC_PREPROCESSOR_DEFINITIONS = (
					"DEBUG=1",
					"$(inherited)",
				);
				GCC_WARN_64_TO_32_BIT_CONVERSION = YES;
				GCC_WARN_ABOUT_RETURN_TYPE = YES_ERROR;
				GCC_WARN_UNDECLARED_SELECTOR = YES;
				GCC_WARN_UNINITIALIZED_AUTOS = YES_AGGRESSIVE;
				GCC_WARN_UNUSED_FUNCTION = YES;
				GCC_WARN_UNUSED_VARIABLE = YES;
				IPHONEOS_DEPLOYMENT_TARGET = 9.1;
				MTL_ENABLE_DEBUG_INFO = YES;
				ONLY_ACTIVE_ARCH = YES;
				SDKROOT = iphoneos;
			};
			name = Debug;
		};
		A80693991CBF31F5007DD891 /* Release */ = {
			isa = XCBuildConfiguration;
			buildSettings = {
				ALWAYS_SEARCH_USER_PATHS = NO;
				CLANG_CXX_LANGUAGE_STANDARD = "gnu++0x";
				CLANG_CXX_LIBRARY = "libc++";
				CLANG_ENABLE_MODULES = YES;
				CLANG_ENABLE_OBJC_ARC = YES;
				CLANG_WARN_BOOL_CONVERSION = YES;
				CLANG_WARN_CONSTANT_CONVERSION = YES;
				CLANG_WARN_DIRECT_OBJC_ISA_USAGE = YES_ERROR;
				CLANG_WARN_EMPTY_BODY = YES;
				CLANG_WARN_ENUM_CONVERSION = YES;
				CLANG_WARN_INT_CONVERSION = YES;
				CLANG_WARN_OBJC_ROOT_CLASS = YES_ERROR;
				CLANG_WARN_UNREACHABLE_CODE = YES;
				CLANG_WARN__DUPLICATE_METHOD_MATCH = YES;
				"CODE_SIGN_IDENTITY[sdk=iphoneos*]" = "iPhone Developer";
				COPY_PHASE_STRIP = NO;
				DEBUG_INFORMATION_FORMAT = "dwarf-with-dsym";
				ENABLE_NS_ASSERTIONS = NO;
				ENABLE_STRICT_OBJC_MSGSEND = YES;
				GCC_C_LANGUAGE_STANDARD = gnu99;
				GCC_NO_COMMON_BLOCKS = YES;
				GCC_WARN_64_TO_32_BIT_CONVERSION = YES;
				GCC_WARN_ABOUT_RETURN_TYPE = YES_ERROR;
				GCC_WARN_UNDECLARED_SELECTOR = YES;
				GCC_WARN_UNINITIALIZED_AUTOS = YES_AGGRESSIVE;
				GCC_WARN_UNUSED_FUNCTION = YES;
				GCC_WARN_UNUSED_VARIABLE = YES;
				IPHONEOS_DEPLOYMENT_TARGET = 9.1;
				MTL_ENABLE_DEBUG_INFO = NO;
				SDKROOT = iphoneos;
				VALIDATE_PRODUCT = YES;
			};
			name = Release;
		};
		A806939B1CBF31F5007DD891 /* Debug */ = {
			isa = XCBuildConfiguration;
			buildSettings = {
				ASSETCATALOG_COMPILER_APPICON_NAME = AppIcon;
				INFOPLIST_FILE = Tracking/Info.plist;
				LD_RUNPATH_SEARCH_PATHS = "$(inherited) @executable_path/Frameworks";
				PRODUCT_BUNDLE_IDENTIFIER = com.cimc.Tracking;
				PRODUCT_NAME = "$(TARGET_NAME)";
			};
			name = Debug;
		};
		A806939C1CBF31F5007DD891 /* Release */ = {
			isa = XCBuildConfiguration;
			buildSettings = {
				ASSETCATALOG_COMPILER_APPICON_NAME = AppIcon;
				INFOPLIST_FILE = Tracking/Info.plist;
				LD_RUNPATH_SEARCH_PATHS = "$(inherited) @executable_path/Frameworks";
				PRODUCT_BUNDLE_IDENTIFIER = com.cimc.Tracking;
				PRODUCT_NAME = "$(TARGET_NAME)";
			};
			name = Release;
		};
/* End XCBuildConfiguration section */

/* Begin XCConfigurationList section */
		A806937E1CBF31F5007DD891 /* Build configuration list for PBXProject "Tracking" */ = {
			isa = XCConfigurationList;
			buildConfigurations = (
				A80693981CBF31F5007DD891 /* Debug */,
				A80693991CBF31F5007DD891 /* Release */,
			);
			defaultConfigurationIsVisible = 0;
			defaultConfigurationName = Release;
		};
		A806939A1CBF31F5007DD891 /* Build configuration list for PBXNativeTarget "Tracking" */ = {
			isa = XCConfigurationList;
			buildConfigurations = (
				A806939B1CBF31F5007DD891 /* Debug */,
				A806939C1CBF31F5007DD891 /* Release */,
			);
			defaultConfigurationIsVisible = 0;
		};
/* End XCConfigurationList section */
	};
	rootObject = A806937B1CBF31F5007DD891 /* Project object */;
}
